// !$*UTF8*$!
{
	archiveVersion = 1;
	classes = {
	};
	objectVersion = 46;
	objects = {

/* Begin PBXBuildFile section */
		D07A4D86160EB4BA004A99C6 /* UIKit.framework in Frameworks */ = {isa = PBXBuildFile; fileRef = D07A4D85160EB4BA004A99C6 /* UIKit.framework */; };
		D07A4D88160EB4BA004A99C6 /* Foundation.framework in Frameworks */ = {isa = PBXBuildFile; fileRef = D07A4D87160EB4BA004A99C6 /* Foundation.framework */; };
		D07A4D8A160EB4BA004A99C6 /* CoreGraphics.framework in Frameworks */ = {isa = PBXBuildFile; fileRef = D07A4D89160EB4BA004A99C6 /* CoreGraphics.framework */; };
		D07A4D90160EB4BA004A99C6 /* InfoPlist.strings in Resources */ = {isa = PBXBuildFile; fileRef = D07A4D8E160EB4BA004A99C6 /* InfoPlist.strings */; };
		D07A4D92160EB4BA004A99C6 /* main.m in Sources */ = {isa = PBXBuildFile; fileRef = D07A4D91160EB4BA004A99C6 /* main.m */; };
		D07A4D96160EB4BA004A99C6 /* AppDelegate.m in Sources */ = {isa = PBXBuildFile; fileRef = D07A4D95160EB4BA004A99C6 /* AppDelegate.m */; };
		D07A4D98160EB4BA004A99C6 /* Default.png in Resources */ = {isa = PBXBuildFile; fileRef = D07A4D97160EB4BA004A99C6 /* Default.png */; };
		D07A4D9A160EB4BB004A99C6 /* Default@2x.png in Resources */ = {isa = PBXBuildFile; fileRef = D07A4D99160EB4BB004A99C6 /* Default@2x.png */; };
		D07A4D9C160EB4BB004A99C6 /* Default-568h@2x.png in Resources */ = {isa = PBXBuildFile; fileRef = D07A4D9B160EB4BB004A99C6 /* Default-568h@2x.png */; };
		D07A4D9F160EB4BB004A99C6 /* MainStoryboard.storyboard in Resources */ = {isa = PBXBuildFile; fileRef = D07A4D9D160EB4BB004A99C6 /* MainStoryboard.storyboard */; };
		D07A4DA2160EB4BB004A99C6 /* ViewController.m in Sources */ = {isa = PBXBuildFile; fileRef = D07A4DA1160EB4BB004A99C6 /* ViewController.m */; };
/* End PBXBuildFile section */

/* Begin PBXFileReference section */
		D07A4D81160EB4BA004A99C6 /* bonjour.app */ = {isa = PBXFileReference; explicitFileType = wrapper.application; includeInIndex = 0; path = bonjour.app; sourceTree = BUILT_PRODUCTS_DIR; };
		D07A4D85160EB4BA004A99C6 /* UIKit.framework */ = {isa = PBXFileReference; lastKnownFileType = wrapper.framework; name = UIKit.framework; path = System/Library/Frameworks/UIKit.framework; sourceTree = SDKROOT; };
		D07A4D87160EB4BA004A99C6 /* Foundation.framework */ = {isa = PBXFileReference; lastKnownFileType = wrapper.framework; name = Foundation.framework; path = System/Library/Frameworks/Foundation.framework; sourceTree = SDKROOT; };
		D07A4D89160EB4BA004A99C6 /* CoreGraphics.framework */ = {isa = PBXFileReference; lastKnownFileType = wrapper.framework; name = CoreGraphics.framework; path = System/Library/Frameworks/CoreGraphics.framework; sourceTree = SDKROOT; };
		D07A4D8D160EB4BA004A99C6 /* bonjour-Info.plist */ = {isa = PBXFileReference; lastKnownFileType = text.plist.xml; path = "bonjour-Info.plist"; sourceTree = "<group>"; };
		D07A4D8F160EB4BA004A99C6 /* en */ = {isa = PBXFileReference; lastKnownFileType = text.plist.strings; name = en; path = en.lproj/InfoPlist.strings; sourceTree = "<group>"; };
		D07A4D91160EB4BA004A99C6 /* main.m */ = {isa = PBXFileReference; lastKnownFileType = sourcecode.c.objc; path = main.m; sourceTree = "<group>"; };
		D07A4D93160EB4BA004A99C6 /* bonjour-Prefix.pch */ = {isa = PBXFileReference; lastKnownFileType = sourcecode.c.h; path = "bonjour-Prefix.pch"; sourceTree = "<group>"; };
		D07A4D94160EB4BA004A99C6 /* AppDelegate.h */ = {isa = PBXFileReference; lastKnownFileType = sourcecode.c.h; path = AppDelegate.h; sourceTree = "<group>"; };
		D07A4D95160EB4BA004A99C6 /* AppDelegate.m */ = {isa = PBXFileReference; lastKnownFileType = sourcecode.c.objc; path = AppDelegate.m; sourceTree = "<group>"; };
		D07A4D97160EB4BA004A99C6 /* Default.png */ = {isa = PBXFileReference; lastKnownFileType = image.png; path = Default.png; sourceTree = "<group>"; };
		D07A4D99160EB4BB004A99C6 /* Default@2x.png */ = {isa = PBXFileReference; lastKnownFileType = image.png; path = "Default@2x.png"; sourceTree = "<group>"; };
		D07A4D9B160EB4BB004A99C6 /* Default-568h@2x.png */ = {isa = PBXFileReference; lastKnownFileType = image.png; path = "Default-568h@2x.png"; sourceTree = "<group>"; };
		D07A4D9E160EB4BB004A99C6 /* en */ = {isa = PBXFileReference; lastKnownFileType = file.storyboard; name = en; path = en.lproj/MainStoryboard.storyboard; sourceTree = "<group>"; };
		D07A4DA0160EB4BB004A99C6 /* ViewController.h */ = {isa = PBXFileReference; lastKnownFileType = sourcecode.c.h; path = ViewController.h; sourceTree = "<group>"; };
		D07A4DA1160EB4BB004A99C6 /* ViewController.m */ = {isa = PBXFileReference; lastKnownFileType = sourcecode.c.objc; path = ViewController.m; sourceTree = "<group>"; };
/* End PBXFileReference section */

/* Begin PBXFrameworksBuildPhase section */
		D07A4D7E160EB4BA004A99C6 /* Frameworks */ = {
			isa = PBXFrameworksBuildPhase;
			buildActionMask = 2147483647;
			files = (
				D07A4D86160EB4BA004A99C6 /* UIKit.framework in Frameworks */,
				D07A4D88160EB4BA004A99C6 /* Foundation.framework in Frameworks */,
				D07A4D8A160EB4BA004A99C6 /* CoreGraphics.framework in Frameworks */,
			);
			runOnlyForDeploymentPostprocessing = 0;
		};
/* End PBXFrameworksBuildPhase section */

/* Begin PBXGroup section */
		D07A4D76160EB4BA004A99C6 = {
			isa = PBXGroup;
			children = (
				D07A4D8B160EB4BA004A99C6 /* bonjour */,
				D07A4D84160EB4BA004A99C6 /* Frameworks */,
				D07A4D82160EB4BA004A99C6 /* Products */,
			);
			sourceTree = "<group>";
		};
		D07A4D82160EB4BA004A99C6 /* Products */ = {
			isa = PBXGroup;
			children = (
				D07A4D81160EB4BA004A99C6 /* bonjour.app */,
			);
			name = Products;
			sourceTree = "<group>";
		};
		D07A4D84160EB4BA004A99C6 /* Frameworks */ = {
			isa = PBXGroup;
			children = (
				D07A4D85160EB4BA004A99C6 /* UIKit.framework */,
				D07A4D87160EB4BA004A99C6 /* Foundation.framework */,
				D07A4D89160EB4BA004A99C6 /* CoreGraphics.framework */,
			);
			name = Frameworks;
			sourceTree = "<group>";
		};
		D07A4D8B160EB4BA004A99C6 /* bonjour */ = {
			isa = PBXGroup;
			children = (
				D07A4D94160EB4BA004A99C6 /* AppDelegate.h */,
				D07A4D95160EB4BA004A99C6 /* AppDelegate.m */,
				D07A4D9D160EB4BB004A99C6 /* MainStoryboard.storyboard */,
				D07A4DA0160EB4BB004A99C6 /* ViewController.h */,
				D07A4DA1160EB4BB004A99C6 /* ViewController.m */,
				D07A4D8C160EB4BA004A99C6 /* Supporting Files */,
			);
			path = bonjour;
			sourceTree = "<group>";
		};
		D07A4D8C160EB4BA004A99C6 /* Supporting Files */ = {
			isa = PBXGroup;
			children = (
				D07A4D8D160EB4BA004A99C6 /* bonjour-Info.plist */,
				D07A4D8E160EB4BA004A99C6 /* InfoPlist.strings */,
				D07A4D91160EB4BA004A99C6 /* main.m */,
				D07A4D93160EB4BA004A99C6 /* bonjour-Prefix.pch */,
				D07A4D97160EB4BA004A99C6 /* Default.png */,
				D07A4D99160EB4BB004A99C6 /* Default@2x.png */,
				D07A4D9B160EB4BB004A99C6 /* Default-568h@2x.png */,
			);
			name = "Supporting Files";
			sourceTree = "<group>";
		};
/* End PBXGroup section */

/* Begin PBXNativeTarget section */
		D07A4D80160EB4BA004A99C6 /* bonjour */ = {
			isa = PBXNativeTarget;
			buildConfigurationList = D07A4DA5160EB4BB004A99C6 /* Build configuration list for PBXNativeTarget "bonjour" */;
			buildPhases = (
				D07A4D7D160EB4BA004A99C6 /* Sources */,
				D07A4D7E160EB4BA004A99C6 /* Frameworks */,
				D07A4D7F160EB4BA004A99C6 /* Resources */,
			);
			buildRules = (
			);
			dependencies = (
			);
			name = bonjour;
			productName = bonjour;
			productReference = D07A4D81160EB4BA004A99C6 /* bonjour.app */;
			productType = "com.apple.product-type.application";
		};
/* End PBXNativeTarget section */

/* Begin PBXProject section */
		D07A4D78160EB4BA004A99C6 /* Project object */ = {
			isa = PBXProject;
			attributes = {
				LastUpgradeCheck = 0450;
				ORGANIZATIONNAME = "Peter Morton";
			};
			buildConfigurationList = D07A4D7B160EB4BA004A99C6 /* Build configuration list for PBXProject "bonjour" */;
			compatibilityVersion = "Xcode 3.2";
			developmentRegion = English;
			hasScannedForEncodings = 0;
			knownRegions = (
				en,
			);
			mainGroup = D07A4D76160EB4BA004A99C6;
			productRefGroup = D07A4D82160EB4BA004A99C6 /* Products */;
			projectDirPath = "";
			projectRoot = "";
			targets = (
				D07A4D80160EB4BA004A99C6 /* bonjour */,
			);
		};
/* End PBXProject section */

/* Begin PBXResourcesBuildPhase section */
		D07A4D7F160EB4BA004A99C6 /* Resources */ = {
			isa = PBXResourcesBuildPhase;
			buildActionMask = 2147483647;
			files = (
				D07A4D90160EB4BA004A99C6 /* InfoPlist.strings in Resources */,
				D07A4D98160EB4BA004A99C6 /* Default.png in Resources */,
				D07A4D9A160EB4BB004A99C6 /* Default@2x.png in Resources */,
				D07A4D9C160EB4BB004A99C6 /* Default-568h@2x.png in Resources */,
				D07A4D9F160EB4BB004A99C6 /* MainStoryboard.storyboard in Resources */,
			);
			runOnlyForDeploymentPostprocessing = 0;
		};
/* End PBXResourcesBuildPhase section */

/* Begin PBXSourcesBuildPhase section */
		D07A4D7D160EB4BA004A99C6 /* Sources */ = {
			isa = PBXSourcesBuildPhase;
			buildActionMask = 2147483647;
			files = (
				D07A4D92160EB4BA004A99C6 /* main.m in Sources */,
				D07A4D96160EB4BA004A99C6 /* AppDelegate.m in Sources */,
				D07A4DA2160EB4BB004A99C6 /* ViewController.m in Sources */,
			);
			runOnlyForDeploymentPostprocessing = 0;
		};
/* End PBXSourcesBuildPhase section */

/* Begin PBXVariantGroup section */
		D07A4D8E160EB4BA004A99C6 /* InfoPlist.strings */ = {
			isa = PBXVariantGroup;
			children = (
				D07A4D8F160EB4BA004A99C6 /* en */,
			);
			name = InfoPlist.strings;
			sourceTree = "<group>";
		};
		D07A4D9D160EB4BB004A99C6 /* MainStoryboard.storyboard */ = {
			isa = PBXVariantGroup;
			children = (
				D07A4D9E160EB4BB004A99C6 /* en */,
			);
			name = MainStoryboard.storyboard;
			sourceTree = "<group>";
		};
/* End PBXVariantGroup section */

/* Begin XCBuildConfiguration section */
		D07A4DA3160EB4BB004A99C6 /* Debug */ = {
			isa = XCBuildConfiguration;
			buildSettings = {
				ALWAYS_SEARCH_USER_PATHS = NO;
				CLANG_CXX_LANGUAGE_STANDARD = "gnu++0x";
				CLANG_CXX_LIBRARY = "libc++";
				CLANG_ENABLE_OBJC_ARC = YES;
				CLANG_WARN_EMPTY_BODY = YES;
				CLANG_WARN__DUPLICATE_METHOD_MATCH = YES;
				"CODE_SIGN_IDENTITY[sdk=iphoneos*]" = "iPhone Developer";
				COPY_PHASE_STRIP = NO;
				GCC_C_LANGUAGE_STANDARD = gnu99;
				GCC_DYNAMIC_NO_PIC = NO;
				GCC_OPTIMIZATION_LEVEL = 0;
				GCC_PREPROCESSOR_DEFINITIONS = (
					"DEBUG=1",
					"$(inherited)",
				);
				GCC_SYMBOLS_PRIVATE_EXTERN = NO;
				GCC_WARN_ABOUT_RETURN_TYPE = YES;
				GCC_WARN_UNINITIALIZED_AUTOS = YES;
				GCC_WARN_UNUSED_VARIABLE = YES;
				IPHONEOS_DEPLOYMENT_TARGET = 6.0;
				SDKROOT = iphoneos;
			};
			name = Debug;
		};
		D07A4DA4160EB4BB004A99C6 /* Release */ = {
			isa = XCBuildConfiguration;
			buildSettings = {
				ALWAYS_SEARCH_USER_PATHS = NO;
				CLANG_CXX_LANGUAGE_STANDARD = "gnu++0x";
				CLANG_CXX_LIBRARY = "libc++";
				CLANG_ENABLE_OBJC_ARC = YES;
				CLANG_WARN_EMPTY_BODY = YES;
				CLANG_WARN__DUPLICATE_METHOD_MATCH = YES;
				"CODE_SIGN_IDENTITY[sdk=iphoneos*]" = "iPhone Developer";
				COPY_PHASE_STRIP = YES;
				GCC_C_LANGUAGE_STANDARD = gnu99;
				GCC_WARN_ABOUT_RETURN_TYPE = YES;
				GCC_WARN_UNINITIALIZED_AUTOS = YES;
				GCC_WARN_UNUSED_VARIABLE = YES;
				IPHONEOS_DEPLOYMENT_TARGET = 6.0;
				OTHER_CFLAGS = "-DNS_BLOCK_ASSERTIONS=1";
				SDKROOT = iphoneos;
				VALIDATE_PRODUCT = YES;
			};
			name = Release;
		};
		D07A4DA6160EB4BB004A99C6 /* Debug */ = {
			isa = XCBuildConfiguration;
			buildSettings = {
				GCC_PRECOMPILE_PREFIX_HEADER = YES;
				GCC_PREFIX_HEADER = "bonjour/bonjour-Prefix.pch";
				INFOPLIST_FILE = "bonjour/bonjour-Info.plist";
				PRODUCT_NAME = "$(TARGET_NAME)";
				WRAPPER_EXTENSION = app;
			};
			name = Debug;
		};
		D07A4DA7160EB4BB004A99C6 /* Release */ = {
			isa = XCBuildConfiguration;
			buildSettings = {
				GCC_PRECOMPILE_PREFIX_HEADER = YES;
				GCC_PREFIX_HEADER = "bonjour/bonjour-Prefix.pch";
				INFOPLIST_FILE = "bonjour/bonjour-Info.plist";
				PRODUCT_NAME = "$(TARGET_NAME)";
				WRAPPER_EXTENSION = app;
			};
			name = Release;
		};
/* End XCBuildConfiguration section */

/* Begin XCConfigurationList section */
		D07A4D7B160EB4BA004A99C6 /* Build configuration list for PBXProject "bonjour" */ = {
			isa = XCConfigurationList;
			buildConfigurations = (
				D07A4DA3160EB4BB004A99C6 /* Debug */,
				D07A4DA4160EB4BB004A99C6 /* Release */,
			);
			defaultConfigurationIsVisible = 0;
			defaultConfigurationName = Release;
		};
		D07A4DA5160EB4BB004A99C6 /* Build configuration list for PBXNativeTarget "bonjour" */ = {
			isa = XCConfigurationList;
			buildConfigurations = (
				D07A4DA6160EB4BB004A99C6 /* Debug */,
				D07A4DA7160EB4BB004A99C6 /* Release */,
			);
			defaultConfigurationIsVisible = 0;
		};
/* End XCConfigurationList section */
	};
	rootObject = D07A4D78160EB4BA004A99C6 /* Project object */;
}
